
Microsoft Visual Studio Solution File, Format Version 12.00
# Visual Studio Version 17
VisualStudioVersion = 17.4.33122.133
MinimumVisualStudioVersion = 10.0.40219.1
Project("{FAE04EC0-301F-11D3-BF4B-00C04F79EFBC}") = "API", "API\API.csproj", "{8CDBA5B5-96E2-47A6-A53A-1F426C8278EE}"
EndProject
Global
	GlobalSection(SolutionConfigurationPlatforms) = preSolution
		Debug|Any CPU = Debug|Any CPU
		Release|Any CPU = Release|Any CPU
	EndGlobalSection
	GlobalSection(ProjectConfigurationPlatforms) = postSolution
		{8CDBA5B5-96E2-47A6-A53A-1F426C8278EE}.Debug|Any CPU.ActiveCfg = Debug|Any CPU
		{8CDBA5B5-96E2-47A6-A53A-1F426C8278EE}.Debug|Any CPU.Build.0 = Debug|Any CPU
		{8CDBA5B5-96E2-47A6-A53A-1F426C8278EE}.Release|Any CPU.ActiveCfg = Release|Any CPU
		{8CDBA5B5-96E2-47A6-A53A-1F426C8278EE}.Release|Any CPU.Build.0 = Release|Any CPU
	EndGlobalSection
	GlobalSection(SolutionProperties) = preSolution
		HideSolutionNode = FALSE
	EndGlobalSection
	GlobalSection(ExtensibilityGlobals) = postSolution
		SolutionGuid = {E767785E-3D6E-4274-A7B9-795EA8E601A4}
	EndGlobalSection
EndGlobal
